
Microsoft Visual Studio Solution File, Format Version 12.00
# Visual Studio Version 16
VisualStudioVersion = 16.0.30128.36
MinimumVisualStudioVersion = 10.0.40219.1
Project("{9A19103F-16F7-4668-BE54-9A1E7A4F7556}") = "ftpsrv", "ftpsrv\ftpsrv.csproj", "{808BADF8-8DC5-4973-9BF3-F17085C70503}"
	ProjectSection(ProjectDependencies) = postProject
		{6F0C5D16-2A7D-40C9-8989-3B7A3CEAA3C7} = {6F0C5D16-2A7D-40C9-8989-3B7A3CEAA3C7}
	EndProjectSection
EndProject
Project("{9A19103F-16F7-4668-BE54-9A1E7A4F7556}") = "FileTransfer", "..\ftpclient\FileTransfer\FileTransfer.csproj", "{6F0C5D16-2A7D-40C9-8989-3B7A3CEAA3C7}"
EndProject
Global
	GlobalSection(SolutionConfigurationPlatforms) = preSolution
		Debug|Any CPU = Debug|Any CPU
		Release|Any CPU = Release|Any CPU
	EndGlobalSection
	GlobalSection(ProjectConfigurationPlatforms) = postSolution
		{808BADF8-8DC5-4973-9BF3-F17085C70503}.Debug|Any CPU.ActiveCfg = Debug|Any CPU
		{808BADF8-8DC5-4973-9BF3-F17085C70503}.Debug|Any CPU.Build.0 = Debug|Any CPU
		{808BADF8-8DC5-4973-9BF3-F17085C70503}.Release|Any CPU.ActiveCfg = Release|Any CPU
		{808BADF8-8DC5-4973-9BF3-F17085C70503}.Release|Any CPU.Build.0 = Release|Any CPU
		{6F0C5D16-2A7D-40C9-8989-3B7A3CEAA3C7}.Debug|Any CPU.ActiveCfg = Debug|Any CPU
		{6F0C5D16-2A7D-40C9-8989-3B7A3CEAA3C7}.Debug|Any CPU.Build.0 = Debug|Any CPU
		{6F0C5D16-2A7D-40C9-8989-3B7A3CEAA3C7}.Release|Any CPU.ActiveCfg = Release|Any CPU
		{6F0C5D16-2A7D-40C9-8989-3B7A3CEAA3C7}.Release|Any CPU.Build.0 = Release|Any CPU
	EndGlobalSection
	GlobalSection(SolutionProperties) = preSolution
		HideSolutionNode = FALSE
	EndGlobalSection
	GlobalSection(ExtensibilityGlobals) = postSolution
		SolutionGuid = {D36A058E-6397-494D-B40B-3D42F08D2F26}
	EndGlobalSection
EndGlobal
